
Microsoft Visual Studio Solution File, Format Version 11.00
# Visual Studio 2010
Project("{6989167D-11E4-40FE-8C1A-2192A86A7E90}") = "Gerador de Malha", "Gerador de Malha.vfproj", "{66D8B924-E5C4-4456-9729-0F829A5A6AAE}"
EndProject
Global
	GlobalSection(SolutionConfigurationPlatforms) = preSolution
		Debug|Win32 = Debug|Win32
		Release|Win32 = Release|Win32
	EndGlobalSection
	GlobalSection(ProjectConfigurationPlatforms) = postSolution
		{66D8B924-E5C4-4456-9729-0F829A5A6AAE}.Debug|Win32.ActiveCfg = Debug|Win32
		{66D8B924-E5C4-4456-9729-0F829A5A6AAE}.Debug|Win32.Build.0 = Debug|Win32
		{66D8B924-E5C4-4456-9729-0F829A5A6AAE}.Release|Win32.ActiveCfg = Release|Win32
		{66D8B924-E5C4-4456-9729-0F829A5A6AAE}.Release|Win32.Build.0 = Release|Win32
	EndGlobalSection
	GlobalSection(SolutionProperties) = preSolution
		HideSolutionNode = FALSE
	EndGlobalSection
EndGlobal
